
Microsoft Visual Studio Solution File, Format Version 12.00
# Visual Studio Version 16
VisualStudioVersion = 16.0.29123.88
MinimumVisualStudioVersion = 10.0.40219.1
Project("{8BC9CEB8-8B4A-11D0-8D11-00A0C91BC942}") = "Using_function_to_return_a_structure_P_635_636", "Using_function_to_return_a_structure_P_635_636\Using_function_to_return_a_structure_P_635_636.vcxproj", "{D84C34BE-A50B-4B01-8A20-AAB9446D8E37}"
EndProject
Global
	GlobalSection(SolutionConfigurationPlatforms) = preSolution
		Debug|x64 = Debug|x64
		Debug|x86 = Debug|x86
		Release|x64 = Release|x64
		Release|x86 = Release|x86
	EndGlobalSection
	GlobalSection(ProjectConfigurationPlatforms) = postSolution
		{D84C34BE-A50B-4B01-8A20-AAB9446D8E37}.Debug|x64.ActiveCfg = Debug|x64
		{D84C34BE-A50B-4B01-8A20-AAB9446D8E37}.Debug|x64.Build.0 = Debug|x64
		{D84C34BE-A50B-4B01-8A20-AAB9446D8E37}.Debug|x86.ActiveCfg = Debug|Win32
		{D84C34BE-A50B-4B01-8A20-AAB9446D8E37}.Debug|x86.Build.0 = Debug|Win32
		{D84C34BE-A50B-4B01-8A20-AAB9446D8E37}.Release|x64.ActiveCfg = Release|x64
		{D84C34BE-A50B-4B01-8A20-AAB9446D8E37}.Release|x64.Build.0 = Release|x64
		{D84C34BE-A50B-4B01-8A20-AAB9446D8E37}.Release|x86.ActiveCfg = Release|Win32
		{D84C34BE-A50B-4B01-8A20-AAB9446D8E37}.Release|x86.Build.0 = Release|Win32
	EndGlobalSection
	GlobalSection(SolutionProperties) = preSolution
		HideSolutionNode = FALSE
	EndGlobalSection
	GlobalSection(ExtensibilityGlobals) = postSolution
		SolutionGuid = {1E995352-BA54-446A-B59E-0D1A5147581A}
	EndGlobalSection
EndGlobal
